
Microsoft Visual Studio Solution File, Format Version 12.00
# Visual Studio Version 17
VisualStudioVersion = 17.3.32901.215
MinimumVisualStudioVersion = 10.0.40219.1
Project("{9A19103F-16F7-4668-BE54-9A1E7A4F7556}") = "Yee.Runtime", "Yee.Runtime\Yee.Runtime.csproj", "{4993454A-52B2-43CB-8C8B-5B9D439FF934}"
EndProject
Project("{9A19103F-16F7-4668-BE54-9A1E7A4F7556}") = "Yee.Runtime.Builder", "Yee.Runtime.Builder\Yee.Runtime.Builder.csproj", "{11DD168B-8926-4896-A373-318BF1CF06A4}"
EndProject
Project("{9A19103F-16F7-4668-BE54-9A1E7A4F7556}") = "Yee", "Yee\Yee.csproj", "{B91ADD40-B091-400C-9E36-9ADED658B706}"
EndProject
Project("{9A19103F-16F7-4668-BE54-9A1E7A4F7556}") = "Yee.Web", "Yee.Web\Yee.Web.csproj", "{2A279760-5D3D-47E0-869F-FE9BE390DB72}"
EndProject
Project("{9A19103F-16F7-4668-BE54-9A1E7A4F7556}") = "Yee.Nuget", "Yee.Nuget\Yee.Nuget.csproj", "{77B1C043-F6FC-4CF1-8A55-1AF32EF7201D}"
EndProject
Project("{9A19103F-16F7-4668-BE54-9A1E7A4F7556}") = "Yee.Section", "Yee.Section\Yee.Section.csproj", "{C500BE8E-0BC9-4516-9251-AD57203CF248}"
EndProject
Project("{9A19103F-16F7-4668-BE54-9A1E7A4F7556}") = "Yee.EntityFrameworkCore", "Yee.EntityFrameworkCore\Yee.EntityFrameworkCore.csproj", "{7F12115A-C991-4567-92B4-B05B568D5065}"
EndProject
Project("{9A19103F-16F7-4668-BE54-9A1E7A4F7556}") = "Yee.EntityFrameworkCore.Identity", "Yee.EntityFrameworkCore.Identity\Yee.EntityFrameworkCore.Identity.csproj", "{70EF2E07-8F14-4C60-9103-BA076A79EE7B}"
EndProject
Project("{2150E333-8FDC-42A3-9474-1A3956D46DE8}") = "Database", "Database", "{01C016B0-7248-4866-8654-FD20410AD5DE}"
EndProject
Project("{9A19103F-16F7-4668-BE54-9A1E7A4F7556}") = "Yee.EntityFrameworkCore.Npgsql", "Yee.EntityFrameworkCore.Npgsql\Yee.EntityFrameworkCore.Npgsql.csproj", "{4A089679-BB14-4366-A082-2DC0BAFA78A5}"
EndProject
Project("{2150E333-8FDC-42A3-9474-1A3956D46DE8}") = "Nuget", "Nuget", "{C7C36790-D90B-447D-B694-45B12F8ACB41}"
EndProject
Project("{2150E333-8FDC-42A3-9474-1A3956D46DE8}") = "Starter", "Starter", "{A9559D7D-8E96-4B3F-9B09-207108CCD10D}"
EndProject
Project("{2150E333-8FDC-42A3-9474-1A3956D46DE8}") = "Sections", "Sections", "{C1749713-2CB8-4C31-8AFF-C47EF95E131A}"
EndProject
Project("{9A19103F-16F7-4668-BE54-9A1E7A4F7556}") = "Yee.EntityFrameworkCore.Migrator", "Yee.EntityFrameworkCore.Migrator\Yee.EntityFrameworkCore.Migrator.csproj", "{F7A94909-3F93-4B08-ABD9-484BFA2DF740}"
EndProject
Project("{2150E333-8FDC-42A3-9474-1A3956D46DE8}") = "MVC", "MVC", "{6F939ED4-F58B-495F-BECC-D04355759934}"
EndProject
Project("{9A19103F-16F7-4668-BE54-9A1E7A4F7556}") = "Yee.Forms", "Yee.Forms\Yee.Forms.csproj", "{E28642D0-B7F2-4CF6-BE1C-92D13EC84F53}"
EndProject
Project("{9A19103F-16F7-4668-BE54-9A1E7A4F7556}") = "Yee.MVC", "Yee.MVC\Yee.MVC.csproj", "{F955F145-58C5-41EC-8BD1-740A56014CC5}"
EndProject
Project("{2150E333-8FDC-42A3-9474-1A3956D46DE8}") = "Swagger", "Swagger", "{BF4D3D26-AB6A-4FC6-9500-CCF820B18ACD}"
EndProject
Project("{9A19103F-16F7-4668-BE54-9A1E7A4F7556}") = "Yee.Swagger", "Yee.Swagger\Yee.Swagger.csproj", "{83D363F0-8D93-43D8-8ACA-007E8F4663E1}"
EndProject
Project("{9A19103F-16F7-4668-BE54-9A1E7A4F7556}") = "Yee.EntityFrameworkCore.Forms", "Yee.EntityFrameworkCore.Forms\Yee.EntityFrameworkCore.Forms.csproj", "{33655CE6-0A7D-4187-9D92-399EE4EB52BA}"
EndProject
Project("{9A19103F-16F7-4668-BE54-9A1E7A4F7556}") = "Yee.EntityFrameworkCore.Options", "Yee.EntityFrameworkCore.Options\Yee.EntityFrameworkCore.Options.csproj", "{131F1DA4-2A6E-4E95-A2BB-093E34E33101}"
EndProject
Project("{9A19103F-16F7-4668-BE54-9A1E7A4F7556}") = "Yee.Section.Base", "Yee.Section.Base\Yee.Section.Base.csproj", "{B13BA5A0-D5A6-4358-83E9-8598D5E51259}"
EndProject
Project("{2150E333-8FDC-42A3-9474-1A3956D46DE8}") = "Front", "Front", "{4FFC7A4D-CE12-46E4-93AA-9FFEDE6DBD89}"
EndProject
Project("{9A19103F-16F7-4668-BE54-9A1E7A4F7556}") = "Yee.CoreFrontLibraries", "Yee.CoreFrontLibraries\Yee.CoreFrontLibraries.csproj", "{0B5004AB-C094-4969-8896-F4E30F9CF0B6}"
EndProject
Project("{9A19103F-16F7-4668-BE54-9A1E7A4F7556}") = "Yee.Cabaret.CoreFrontLibraries", "Yee.Cabaret.CoreFrontLibraries\Yee.Cabaret.CoreFrontLibraries.csproj", "{662D3BEF-145C-4CD4-99C6-B591A53F0BB2}"
EndProject
Project("{9A19103F-16F7-4668-BE54-9A1E7A4F7556}") = "Yee.Cabaret.Sections", "Yee.Cabaret.Sections\Yee.Cabaret.Sections.csproj", "{B0827354-1FBF-47AA-B87F-931418684A85}"
EndProject
Project("{2150E333-8FDC-42A3-9474-1A3956D46DE8}") = "Cabaret", "Cabaret", "{E7544511-F976-4B8B-83BA-94B5AEF8D473}"
EndProject
Project("{2150E333-8FDC-42A3-9474-1A3956D46DE8}") = "Admin", "Admin", "{A7CAAC5E-C63C-4C42-864F-32465E014473}"
EndProject
Project("{9A19103F-16F7-4668-BE54-9A1E7A4F7556}") = "Yee.Admin", "Yee.Admin\Yee.Admin.csproj", "{11AADC6F-61EB-4B36-A996-9165B24A89ED}"
EndProject
Project("{9A19103F-16F7-4668-BE54-9A1E7A4F7556}") = "Yee.Metronic", "Yee.Metronic\Yee.Metronic.csproj", "{782D5D05-25DC-47A5-8C46-EA1C3091BDBA}"
EndProject
Project("{9A19103F-16F7-4668-BE54-9A1E7A4F7556}") = "Yee.Ant", "Yee.Ant\Yee.Ant.csproj", "{54FAEC3D-CD44-4C25-AFF1-CB6114BC57CB}"
EndProject
Project("{9A19103F-16F7-4668-BE54-9A1E7A4F7556}") = "Yee.Admin.Swagger", "Yee.Admin.Swagger\Yee.Admin.Swagger.csproj", "{6001E3A7-F8E6-4245-927C-1E015CD40356}"
EndProject
Project("{2150E333-8FDC-42A3-9474-1A3956D46DE8}") = "Page", "Page", "{BEB35759-2A7A-460B-AD91-547D406EA142}"
EndProject
Project("{9A19103F-16F7-4668-BE54-9A1E7A4F7556}") = "Yee.Page", "Yee.Page\Yee.Page.csproj", "{8D08AA9C-F00A-45E3-8FCF-29F884401CB6}"
EndProject
Project("{9A19103F-16F7-4668-BE54-9A1E7A4F7556}") = "Yee.Admin.PageEngine", "Yee.Admin.PageEngine\Yee.Admin.PageEngine.csproj", "{14EF77ED-79A6-4B7F-A84F-DC53CAEF66A9}"
EndProject
Project("{9A19103F-16F7-4668-BE54-9A1E7A4F7556}") = "Yee.Admin.Models", "Yee.Admin.Models\Yee.Admin.Models.csproj", "{B48D0433-F1A8-40CB-BD54-743BEB2BAD0A}"
EndProject
Project("{2150E333-8FDC-42A3-9474-1A3956D46DE8}") = "FileStorage", "FileStorage", "{76E59DA3-048A-49B3-8B10-27CF857ED229}"
EndProject
Project("{9A19103F-16F7-4668-BE54-9A1E7A4F7556}") = "Yee.FileStorage", "Yee.FileStorage\Yee.FileStorage.csproj", "{986BBD8E-C404-4F30-9B60-8E4F7DDB2396}"
EndProject
Project("{9A19103F-16F7-4668-BE54-9A1E7A4F7556}") = "Yee.Nuget.WebComponent", "Yee.Nuget.WebComponent\Yee.Nuget.WebComponent.csproj", "{F377B437-C398-4721-96A0-9282F48580D8}"
EndProject
Project("{9A19103F-16F7-4668-BE54-9A1E7A4F7556}") = "Yee.Starter", "Yee.Starter\Yee.Starter.csproj", "{FED150B5-E2A9-4669-90E7-8ED52943003C}"
EndProject
Project("{2150E333-8FDC-42A3-9474-1A3956D46DE8}") = "cms", "cms", "{62170A76-3686-4530-85E8-3D6AC708B48E}"
EndProject
Project("{FAE04EC0-301F-11D3-BF4B-00C04F79EFBC}") = "Yee.CMS.All", "Yee.CMS.All\Yee.CMS.All.csproj", "{093D99F6-D2EA-4E99-9605-4CAD3FD05278}"
EndProject
Global
	GlobalSection(SolutionConfigurationPlatforms) = preSolution
		Debug|Any CPU = Debug|Any CPU
		Release|Any CPU = Release|Any CPU
	EndGlobalSection
	GlobalSection(ProjectConfigurationPlatforms) = postSolution
		{4993454A-52B2-43CB-8C8B-5B9D439FF934}.Debug|Any CPU.ActiveCfg = Debug|Any CPU
		{4993454A-52B2-43CB-8C8B-5B9D439FF934}.Debug|Any CPU.Build.0 = Debug|Any CPU
		{4993454A-52B2-43CB-8C8B-5B9D439FF934}.Release|Any CPU.ActiveCfg = Release|Any CPU
		{4993454A-52B2-43CB-8C8B-5B9D439FF934}.Release|Any CPU.Build.0 = Release|Any CPU
		{11DD168B-8926-4896-A373-318BF1CF06A4}.Debug|Any CPU.ActiveCfg = Debug|Any CPU
		{11DD168B-8926-4896-A373-318BF1CF06A4}.Debug|Any CPU.Build.0 = Debug|Any CPU
		{11DD168B-8926-4896-A373-318BF1CF06A4}.Release|Any CPU.ActiveCfg = Release|Any CPU
		{11DD168B-8926-4896-A373-318BF1CF06A4}.Release|Any CPU.Build.0 = Release|Any CPU
		{B91ADD40-B091-400C-9E36-9ADED658B706}.Debug|Any CPU.ActiveCfg = Debug|Any CPU
		{B91ADD40-B091-400C-9E36-9ADED658B706}.Debug|Any CPU.Build.0 = Debug|Any CPU
		{B91ADD40-B091-400C-9E36-9ADED658B706}.Release|Any CPU.ActiveCfg = Release|Any CPU
		{B91ADD40-B091-400C-9E36-9ADED658B706}.Release|Any CPU.Build.0 = Release|Any CPU
		{2A279760-5D3D-47E0-869F-FE9BE390DB72}.Debug|Any CPU.ActiveCfg = Debug|Any CPU
		{2A279760-5D3D-47E0-869F-FE9BE390DB72}.Debug|Any CPU.Build.0 = Debug|Any CPU
		{2A279760-5D3D-47E0-869F-FE9BE390DB72}.Release|Any CPU.ActiveCfg = Release|Any CPU
		{2A279760-5D3D-47E0-869F-FE9BE390DB72}.Release|Any CPU.Build.0 = Release|Any CPU
		{77B1C043-F6FC-4CF1-8A55-1AF32EF7201D}.Debug|Any CPU.ActiveCfg = Debug|Any CPU
		{77B1C043-F6FC-4CF1-8A55-1AF32EF7201D}.Debug|Any CPU.Build.0 = Debug|Any CPU
		{77B1C043-F6FC-4CF1-8A55-1AF32EF7201D}.Release|Any CPU.ActiveCfg = Release|Any CPU
		{77B1C043-F6FC-4CF1-8A55-1AF32EF7201D}.Release|Any CPU.Build.0 = Release|Any CPU
		{C500BE8E-0BC9-4516-9251-AD57203CF248}.Debug|Any CPU.ActiveCfg = Debug|Any CPU
		{C500BE8E-0BC9-4516-9251-AD57203CF248}.Debug|Any CPU.Build.0 = Debug|Any CPU
		{C500BE8E-0BC9-4516-9251-AD57203CF248}.Release|Any CPU.ActiveCfg = Release|Any CPU
		{C500BE8E-0BC9-4516-9251-AD57203CF248}.Release|Any CPU.Build.0 = Release|Any CPU
		{7F12115A-C991-4567-92B4-B05B568D5065}.Debug|Any CPU.ActiveCfg = Debug|Any CPU
		{7F12115A-C991-4567-92B4-B05B568D5065}.Debug|Any CPU.Build.0 = Debug|Any CPU
		{7F12115A-C991-4567-92B4-B05B568D5065}.Release|Any CPU.ActiveCfg = Release|Any CPU
		{7F12115A-C991-4567-92B4-B05B568D5065}.Release|Any CPU.Build.0 = Release|Any CPU
		{70EF2E07-8F14-4C60-9103-BA076A79EE7B}.Debug|Any CPU.ActiveCfg = Debug|Any CPU
		{70EF2E07-8F14-4C60-9103-BA076A79EE7B}.Debug|Any CPU.Build.0 = Debug|Any CPU
		{70EF2E07-8F14-4C60-9103-BA076A79EE7B}.Release|Any CPU.ActiveCfg = Release|Any CPU
		{70EF2E07-8F14-4C60-9103-BA076A79EE7B}.Release|Any CPU.Build.0 = Release|Any CPU
		{4A089679-BB14-4366-A082-2DC0BAFA78A5}.Debug|Any CPU.ActiveCfg = Debug|Any CPU
		{4A089679-BB14-4366-A082-2DC0BAFA78A5}.Debug|Any CPU.Build.0 = Debug|Any CPU
		{4A089679-BB14-4366-A082-2DC0BAFA78A5}.Release|Any CPU.ActiveCfg = Release|Any CPU
		{4A089679-BB14-4366-A082-2DC0BAFA78A5}.Release|Any CPU.Build.0 = Release|Any CPU
		{F7A94909-3F93-4B08-ABD9-484BFA2DF740}.Debug|Any CPU.ActiveCfg = Debug|Any CPU
		{F7A94909-3F93-4B08-ABD9-484BFA2DF740}.Debug|Any CPU.Build.0 = Debug|Any CPU
		{F7A94909-3F93-4B08-ABD9-484BFA2DF740}.Release|Any CPU.ActiveCfg = Release|Any CPU
		{F7A94909-3F93-4B08-ABD9-484BFA2DF740}.Release|Any CPU.Build.0 = Release|Any CPU
		{E28642D0-B7F2-4CF6-BE1C-92D13EC84F53}.Debug|Any CPU.ActiveCfg = Debug|Any CPU
		{E28642D0-B7F2-4CF6-BE1C-92D13EC84F53}.Debug|Any CPU.Build.0 = Debug|Any CPU
		{E28642D0-B7F2-4CF6-BE1C-92D13EC84F53}.Release|Any CPU.ActiveCfg = Release|Any CPU
		{E28642D0-B7F2-4CF6-BE1C-92D13EC84F53}.Release|Any CPU.Build.0 = Release|Any CPU
		{F955F145-58C5-41EC-8BD1-740A56014CC5}.Debug|Any CPU.ActiveCfg = Debug|Any CPU
		{F955F145-58C5-41EC-8BD1-740A56014CC5}.Debug|Any CPU.Build.0 = Debug|Any CPU
		{F955F145-58C5-41EC-8BD1-740A56014CC5}.Release|Any CPU.ActiveCfg = Release|Any CPU
		{F955F145-58C5-41EC-8BD1-740A56014CC5}.Release|Any CPU.Build.0 = Release|Any CPU
		{83D363F0-8D93-43D8-8ACA-007E8F4663E1}.Debug|Any CPU.ActiveCfg = Debug|Any CPU
		{83D363F0-8D93-43D8-8ACA-007E8F4663E1}.Debug|Any CPU.Build.0 = Debug|Any CPU
		{83D363F0-8D93-43D8-8ACA-007E8F4663E1}.Release|Any CPU.ActiveCfg = Release|Any CPU
		{83D363F0-8D93-43D8-8ACA-007E8F4663E1}.Release|Any CPU.Build.0 = Release|Any CPU
		{33655CE6-0A7D-4187-9D92-399EE4EB52BA}.Debug|Any CPU.ActiveCfg = Debug|Any CPU
		{33655CE6-0A7D-4187-9D92-399EE4EB52BA}.Debug|Any CPU.Build.0 = Debug|Any CPU
		{33655CE6-0A7D-4187-9D92-399EE4EB52BA}.Release|Any CPU.ActiveCfg = Release|Any CPU
		{33655CE6-0A7D-4187-9D92-399EE4EB52BA}.Release|Any CPU.Build.0 = Release|Any CPU
		{131F1DA4-2A6E-4E95-A2BB-093E34E33101}.Debug|Any CPU.ActiveCfg = Debug|Any CPU
		{131F1DA4-2A6E-4E95-A2BB-093E34E33101}.Debug|Any CPU.Build.0 = Debug|Any CPU
		{131F1DA4-2A6E-4E95-A2BB-093E34E33101}.Release|Any CPU.ActiveCfg = Release|Any CPU
		{131F1DA4-2A6E-4E95-A2BB-093E34E33101}.Release|Any CPU.Build.0 = Release|Any CPU
		{B13BA5A0-D5A6-4358-83E9-8598D5E51259}.Debug|Any CPU.ActiveCfg = Debug|Any CPU
		{B13BA5A0-D5A6-4358-83E9-8598D5E51259}.Debug|Any CPU.Build.0 = Debug|Any CPU
		{B13BA5A0-D5A6-4358-83E9-8598D5E51259}.Release|Any CPU.ActiveCfg = Release|Any CPU
		{B13BA5A0-D5A6-4358-83E9-8598D5E51259}.Release|Any CPU.Build.0 = Release|Any CPU
		{0B5004AB-C094-4969-8896-F4E30F9CF0B6}.Debug|Any CPU.ActiveCfg = Debug|Any CPU
		{0B5004AB-C094-4969-8896-F4E30F9CF0B6}.Debug|Any CPU.Build.0 = Debug|Any CPU
		{0B5004AB-C094-4969-8896-F4E30F9CF0B6}.Release|Any CPU.ActiveCfg = Release|Any CPU
		{0B5004AB-C094-4969-8896-F4E30F9CF0B6}.Release|Any CPU.Build.0 = Release|Any CPU
		{662D3BEF-145C-4CD4-99C6-B591A53F0BB2}.Debug|Any CPU.ActiveCfg = Debug|Any CPU
		{662D3BEF-145C-4CD4-99C6-B591A53F0BB2}.Debug|Any CPU.Build.0 = Debug|Any CPU
		{662D3BEF-145C-4CD4-99C6-B591A53F0BB2}.Release|Any CPU.ActiveCfg = Release|Any CPU
		{662D3BEF-145C-4CD4-99C6-B591A53F0BB2}.Release|Any CPU.Build.0 = Release|Any CPU
		{B0827354-1FBF-47AA-B87F-931418684A85}.Debug|Any CPU.ActiveCfg = Debug|Any CPU
		{B0827354-1FBF-47AA-B87F-931418684A85}.Debug|Any CPU.Build.0 = Debug|Any CPU
		{B0827354-1FBF-47AA-B87F-931418684A85}.Release|Any CPU.ActiveCfg = Release|Any CPU
		{B0827354-1FBF-47AA-B87F-931418684A85}.Release|Any CPU.Build.0 = Release|Any CPU
		{11AADC6F-61EB-4B36-A996-9165B24A89ED}.Debug|Any CPU.ActiveCfg = Debug|Any CPU
		{11AADC6F-61EB-4B36-A996-9165B24A89ED}.Debug|Any CPU.Build.0 = Debug|Any CPU
		{11AADC6F-61EB-4B36-A996-9165B24A89ED}.Release|Any CPU.ActiveCfg = Release|Any CPU
		{11AADC6F-61EB-4B36-A996-9165B24A89ED}.Release|Any CPU.Build.0 = Release|Any CPU
		{782D5D05-25DC-47A5-8C46-EA1C3091BDBA}.Debug|Any CPU.ActiveCfg = Debug|Any CPU
		{782D5D05-25DC-47A5-8C46-EA1C3091BDBA}.Debug|Any CPU.Build.0 = Debug|Any CPU
		{782D5D05-25DC-47A5-8C46-EA1C3091BDBA}.Release|Any CPU.ActiveCfg = Release|Any CPU
		{782D5D05-25DC-47A5-8C46-EA1C3091BDBA}.Release|Any CPU.Build.0 = Release|Any CPU
		{54FAEC3D-CD44-4C25-AFF1-CB6114BC57CB}.Debug|Any CPU.ActiveCfg = Debug|Any CPU
		{54FAEC3D-CD44-4C25-AFF1-CB6114BC57CB}.Debug|Any CPU.Build.0 = Debug|Any CPU
		{54FAEC3D-CD44-4C25-AFF1-CB6114BC57CB}.Release|Any CPU.ActiveCfg = Release|Any CPU
		{54FAEC3D-CD44-4C25-AFF1-CB6114BC57CB}.Release|Any CPU.Build.0 = Release|Any CPU
		{6001E3A7-F8E6-4245-927C-1E015CD40356}.Debug|Any CPU.ActiveCfg = Debug|Any CPU
		{6001E3A7-F8E6-4245-927C-1E015CD40356}.Debug|Any CPU.Build.0 = Debug|Any CPU
		{6001E3A7-F8E6-4245-927C-1E015CD40356}.Release|Any CPU.ActiveCfg = Release|Any CPU
		{6001E3A7-F8E6-4245-927C-1E015CD40356}.Release|Any CPU.Build.0 = Release|Any CPU
		{8D08AA9C-F00A-45E3-8FCF-29F884401CB6}.Debug|Any CPU.ActiveCfg = Debug|Any CPU
		{8D08AA9C-F00A-45E3-8FCF-29F884401CB6}.Debug|Any CPU.Build.0 = Debug|Any CPU
		{8D08AA9C-F00A-45E3-8FCF-29F884401CB6}.Release|Any CPU.ActiveCfg = Release|Any CPU
		{8D08AA9C-F00A-45E3-8FCF-29F884401CB6}.Release|Any CPU.Build.0 = Release|Any CPU
		{14EF77ED-79A6-4B7F-A84F-DC53CAEF66A9}.Debug|Any CPU.ActiveCfg = Debug|Any CPU
		{14EF77ED-79A6-4B7F-A84F-DC53CAEF66A9}.Debug|Any CPU.Build.0 = Debug|Any CPU
		{14EF77ED-79A6-4B7F-A84F-DC53CAEF66A9}.Release|Any CPU.ActiveCfg = Release|Any CPU
		{14EF77ED-79A6-4B7F-A84F-DC53CAEF66A9}.Release|Any CPU.Build.0 = Release|Any CPU
		{B48D0433-F1A8-40CB-BD54-743BEB2BAD0A}.Debug|Any CPU.ActiveCfg = Debug|Any CPU
		{B48D0433-F1A8-40CB-BD54-743BEB2BAD0A}.Debug|Any CPU.Build.0 = Debug|Any CPU
		{B48D0433-F1A8-40CB-BD54-743BEB2BAD0A}.Release|Any CPU.ActiveCfg = Release|Any CPU
		{B48D0433-F1A8-40CB-BD54-743BEB2BAD0A}.Release|Any CPU.Build.0 = Release|Any CPU
		{986BBD8E-C404-4F30-9B60-8E4F7DDB2396}.Debug|Any CPU.ActiveCfg = Debug|Any CPU
		{986BBD8E-C404-4F30-9B60-8E4F7DDB2396}.Debug|Any CPU.Build.0 = Debug|Any CPU
		{986BBD8E-C404-4F30-9B60-8E4F7DDB2396}.Release|Any CPU.ActiveCfg = Release|Any CPU
		{986BBD8E-C404-4F30-9B60-8E4F7DDB2396}.Release|Any CPU.Build.0 = Release|Any CPU
		{F377B437-C398-4721-96A0-9282F48580D8}.Debug|Any CPU.ActiveCfg = Debug|Any CPU
		{F377B437-C398-4721-96A0-9282F48580D8}.Debug|Any CPU.Build.0 = Debug|Any CPU
		{F377B437-C398-4721-96A0-9282F48580D8}.Release|Any CPU.ActiveCfg = Release|Any CPU
		{F377B437-C398-4721-96A0-9282F48580D8}.Release|Any CPU.Build.0 = Release|Any CPU
		{FED150B5-E2A9-4669-90E7-8ED52943003C}.Debug|Any CPU.ActiveCfg = Debug|Any CPU
		{FED150B5-E2A9-4669-90E7-8ED52943003C}.Debug|Any CPU.Build.0 = Debug|Any CPU
		{FED150B5-E2A9-4669-90E7-8ED52943003C}.Release|Any CPU.ActiveCfg = Release|Any CPU
		{FED150B5-E2A9-4669-90E7-8ED52943003C}.Release|Any CPU.Build.0 = Release|Any CPU
		{093D99F6-D2EA-4E99-9605-4CAD3FD05278}.Debug|Any CPU.ActiveCfg = Debug|Any CPU
		{093D99F6-D2EA-4E99-9605-4CAD3FD05278}.Debug|Any CPU.Build.0 = Debug|Any CPU
		{093D99F6-D2EA-4E99-9605-4CAD3FD05278}.Release|Any CPU.ActiveCfg = Release|Any CPU
		{093D99F6-D2EA-4E99-9605-4CAD3FD05278}.Release|Any CPU.Build.0 = Release|Any CPU
	EndGlobalSection
	GlobalSection(SolutionProperties) = preSolution
		HideSolutionNode = FALSE
	EndGlobalSection
	GlobalSection(NestedProjects) = preSolution
		{77B1C043-F6FC-4CF1-8A55-1AF32EF7201D} = {C7C36790-D90B-447D-B694-45B12F8ACB41}
		{C500BE8E-0BC9-4516-9251-AD57203CF248} = {C1749713-2CB8-4C31-8AFF-C47EF95E131A}
		{7F12115A-C991-4567-92B4-B05B568D5065} = {01C016B0-7248-4866-8654-FD20410AD5DE}
		{70EF2E07-8F14-4C60-9103-BA076A79EE7B} = {01C016B0-7248-4866-8654-FD20410AD5DE}
		{4A089679-BB14-4366-A082-2DC0BAFA78A5} = {01C016B0-7248-4866-8654-FD20410AD5DE}
		{F7A94909-3F93-4B08-ABD9-484BFA2DF740} = {01C016B0-7248-4866-8654-FD20410AD5DE}
		{E28642D0-B7F2-4CF6-BE1C-92D13EC84F53} = {6F939ED4-F58B-495F-BECC-D04355759934}
		{F955F145-58C5-41EC-8BD1-740A56014CC5} = {6F939ED4-F58B-495F-BECC-D04355759934}
		{83D363F0-8D93-43D8-8ACA-007E8F4663E1} = {BF4D3D26-AB6A-4FC6-9500-CCF820B18ACD}
		{33655CE6-0A7D-4187-9D92-399EE4EB52BA} = {01C016B0-7248-4866-8654-FD20410AD5DE}
		{131F1DA4-2A6E-4E95-A2BB-093E34E33101} = {01C016B0-7248-4866-8654-FD20410AD5DE}
		{B13BA5A0-D5A6-4358-83E9-8598D5E51259} = {C1749713-2CB8-4C31-8AFF-C47EF95E131A}
		{0B5004AB-C094-4969-8896-F4E30F9CF0B6} = {4FFC7A4D-CE12-46E4-93AA-9FFEDE6DBD89}
		{662D3BEF-145C-4CD4-99C6-B591A53F0BB2} = {E7544511-F976-4B8B-83BA-94B5AEF8D473}
		{B0827354-1FBF-47AA-B87F-931418684A85} = {E7544511-F976-4B8B-83BA-94B5AEF8D473}
		{11AADC6F-61EB-4B36-A996-9165B24A89ED} = {A7CAAC5E-C63C-4C42-864F-32465E014473}
		{782D5D05-25DC-47A5-8C46-EA1C3091BDBA} = {4FFC7A4D-CE12-46E4-93AA-9FFEDE6DBD89}
		{54FAEC3D-CD44-4C25-AFF1-CB6114BC57CB} = {4FFC7A4D-CE12-46E4-93AA-9FFEDE6DBD89}
		{6001E3A7-F8E6-4245-927C-1E015CD40356} = {BF4D3D26-AB6A-4FC6-9500-CCF820B18ACD}
		{8D08AA9C-F00A-45E3-8FCF-29F884401CB6} = {BEB35759-2A7A-460B-AD91-547D406EA142}
		{14EF77ED-79A6-4B7F-A84F-DC53CAEF66A9} = {A7CAAC5E-C63C-4C42-864F-32465E014473}
		{B48D0433-F1A8-40CB-BD54-743BEB2BAD0A} = {A7CAAC5E-C63C-4C42-864F-32465E014473}
		{986BBD8E-C404-4F30-9B60-8E4F7DDB2396} = {76E59DA3-048A-49B3-8B10-27CF857ED229}
		{F377B437-C398-4721-96A0-9282F48580D8} = {C7C36790-D90B-447D-B694-45B12F8ACB41}
		{FED150B5-E2A9-4669-90E7-8ED52943003C} = {A9559D7D-8E96-4B3F-9B09-207108CCD10D}
		{093D99F6-D2EA-4E99-9605-4CAD3FD05278} = {62170A76-3686-4530-85E8-3D6AC708B48E}
	EndGlobalSection
	GlobalSection(ExtensibilityGlobals) = postSolution
		SolutionGuid = {17570007-AC6E-4027-992F-55101D4A5C90}
	EndGlobalSection
EndGlobal
